
Microsoft Visual Studio Solution File, Format Version 12.00
# Visual Studio Version 17
VisualStudioVersion = 17.13.35931.197 d17.13
MinimumVisualStudioVersion = 10.0.40219.1
Project("{FAE04EC0-301F-11D3-BF4B-00C04F79EFBC}") = "Processos-Juridicos", "Processos-Juridicos\Processos-Juridicos.csproj", "{5ABAAA42-D36F-4C5E-9261-F70691C0EC7E}"
EndProject
Global
	GlobalSection(SolutionConfigurationPlatforms) = preSolution
		Debug|Any CPU = Debug|Any CPU
		Release|Any CPU = Release|Any CPU
	EndGlobalSection
	GlobalSection(ProjectConfigurationPlatforms) = postSolution
		{5ABAAA42-D36F-4C5E-9261-F70691C0EC7E}.Debug|Any CPU.ActiveCfg = Debug|Any CPU
		{5ABAAA42-D36F-4C5E-9261-F70691C0EC7E}.Debug|Any CPU.Build.0 = Debug|Any CPU
		{5ABAAA42-D36F-4C5E-9261-F70691C0EC7E}.Release|Any CPU.ActiveCfg = Release|Any CPU
		{5ABAAA42-D36F-4C5E-9261-F70691C0EC7E}.Release|Any CPU.Build.0 = Release|Any CPU
	EndGlobalSection
	GlobalSection(SolutionProperties) = preSolution
		HideSolutionNode = FALSE
	EndGlobalSection
	GlobalSection(ExtensibilityGlobals) = postSolution
		SolutionGuid = {A6034C73-67C5-4A77-895A-98F9E6E3D396}
	EndGlobalSection
EndGlobal
